PODS:
  - FoldingCell (5.0.1)
  - Kingfisher (5.7.0)
  - SwiftyJSON (5.0.0)
  - TMDBSwift (0.5.1)

DEPENDENCIES:
  - FoldingCell
  - Kingfisher
  - SwiftyJSON
  - TMDBSwift

SPEC REPOS:
  https://github.com/cocoapods/specs.git:
    - FoldingCell
    - Kingfisher
    - SwiftyJSON
    - TMDBSwift

SPEC CHECKSUMS:
  FoldingCell: 9197b915a415af9e52a857964066797af6a51c2b
  Kingfisher: c7d211b54f1f30d8060aadab177d52b4349c825b
  SwiftyJSON: 36413e04c44ee145039d332b4f4e2d3e8d6c4db7
  TMDBSwift: 9220f3dcee23372c05b92f8c111f5f4c37185aee

PODFILE CHECKSUM: 841b83c92f7a14b9bc92f9e3e19cd6dcf370d262

COCOAPODS: 1.7.0.rc.1
